<?xml version="1.0" encoding="utf-8"?>
<Project ToolsVersion="4.0" xmlns="http://schemas.microsoft.com/developer/msbuild/2003">
  <ItemGroup>
    <Filter Include="Core">
      <UniqueIdentifier>{0b5c71b5-772e-4a30-afba-90d18a258739}</UniqueIdentifier>
    </Filter>
    <Filter Include="Graphics">
      <UniqueIdentifier>{d1777136-f4fe-4e71-afa2-46dee4c09152}</UniqueIdentifier>
    </Filter>
    <Filter Include="Utilities">
      <UniqueIdentifier>{39ea409d-16f1-43ea-b55a-490f6cb0dcae}</UniqueIdentifier>
    </Filter>
    <Filter Include="Shaders">
      <UniqueIdentifier>{02823273-93f0-443f-9887-3537d078bfd7}</UniqueIdentifier>
    </Filter>
    <Filter Include="RobotInterface">
      <UniqueIdentifier>{bf84c955-878b-4fba-a35b-81bb1e05939a}</UniqueIdentifier>
    </Filter>
  </ItemGroup>
  <ItemGroup>
    <ClCompile Include="Graphics\D3D11GraphicsContext.cpp">
      <Filter>Graphics</Filter>
    </ClCompile>
    <ClCompile Include="Core\Input.cpp">
      <Filter>Core</Filter>
    </ClCompile>
    <ClCompile Include="Core\Main.cpp">
      <Filter>Core</Filter>
    </ClCompile>
    <ClCompile Include="Core\PrecompiledHeader.cpp">
      <Filter>Core</Filter>
    </ClCompile>
    <ClCompile Include="Core\Settings.cpp">
      <Filter>Core</Filter>
    </ClCompile>
    <ClCompile Include="Core\Window.cpp">
      <Filter>Core</Filter>
    </ClCompile>
    <ClCompile Include="Core\GameLoop.cpp">
      <Filter>Core</Filter>
    </ClCompile>
    <ClCompile Include="Graphics\OrthographicCamera.cpp">
      <Filter>Graphics</Filter>
    </ClCompile>
    <ClCompile Include="Graphics\Tank.cpp">
      <Filter>Graphics</Filter>
    </ClCompile>
    <ClCompile Include="Utilities\Utilities.cpp">
      <Filter>Utilities</Filter>
    </ClCompile>
    <ClCompile Include="Graphics\Environment.cpp">
      <Filter>Graphics</Filter>
    </ClCompile>
    <ClCompile Include="RobotInterface\MockRobot.cpp">
      <Filter>RobotInterface</Filter>
    </ClCompile>
    <ClCompile Include="RobotInterface\Map.cpp">
      <Filter>RobotInterface</Filter>
    </ClCompile>
    <ClCompile Include="Utilities\ComPort.cpp">
      <Filter>Utilities</Filter>
    </ClCompile>
  </ItemGroup>
  <ItemGroup>
    <ClInclude Include="Graphics\D3D11GraphicsContextHelpers.inl">
      <Filter>Graphics</Filter>
    </ClInclude>
    <ClInclude Include="Graphics\D3D11GraphicsContext.h">
      <Filter>Graphics</Filter>
    </ClInclude>
    <ClInclude Include="Utilities\DllFunctionInvoker.h">
      <Filter>Utilities</Filter>
    </ClInclude>
    <ClInclude Include="Core\Window.h">
      <Filter>Core</Filter>
    </ClInclude>
    <ClInclude Include="Core\Input.h">
      <Filter>Core</Filter>
    </ClInclude>
    <ClInclude Include="Core\Settings.h">
      <Filter>Core</Filter>
    </ClInclude>
    <ClInclude Include="Core\GameLoop.h">
      <Filter>Core</Filter>
    </ClInclude>
    <ClInclude Include="PrecompiledHeader.h">
      <Filter>Core</Filter>
    </ClInclude>
    <ClInclude Include="Graphics\OrthographicCamera.h">
      <Filter>Graphics</Filter>
    </ClInclude>
    <ClInclude Include="Graphics\Tank.h">
      <Filter>Graphics</Filter>
    </ClInclude>
    <ClInclude Include="Utilities\Utilities.h">
      <Filter>Utilities</Filter>
    </ClInclude>
    <ClInclude Include="RobotInterface\ReceiverImpl.h">
      <Filter>RobotInterface</Filter>
    </ClInclude>
    <ClInclude Include="Core\NonCopyable.h">
      <Filter>Core</Filter>
    </ClInclude>
    <ClInclude Include="Graphics\Environment.h">
      <Filter>Graphics</Filter>
    </ClInclude>
    <ClInclude Include="RobotInterface\IncomingData.h">
      <Filter>RobotInterface</Filter>
    </ClInclude>
    <ClInclude Include="RobotInterface\RobotBase.h">
      <Filter>RobotInterface</Filter>
    </ClInclude>
    <ClInclude Include="RobotInterface\MockRobot.h">
      <Filter>RobotInterface</Filter>
    </ClInclude>
    <ClInclude Include="RobotInterface\Map.h">
      <Filter>RobotInterface</Filter>
    </ClInclude>
    <ClInclude Include="Utilities\CriticalSection.h">
      <Filter>Utilities</Filter>
    </ClInclude>
    <ClInclude Include="Utilities\ComPort.h">
      <Filter>Utilities</Filter>
    </ClInclude>
  </ItemGroup>
  <ItemGroup>
    <FxCompile Include="Shaders\TankVertexShader.hlsl">
      <Filter>Shaders</Filter>
    </FxCompile>
    <FxCompile Include="Shaders\TankPixelShader.hlsl">
      <Filter>Shaders</Filter>
    </FxCompile>
    <FxCompile Include="Shaders\EnvironmentVertexShader.hlsl">
      <Filter>Shaders</Filter>
    </FxCompile>
    <FxCompile Include="Shaders\EnvironmentPixelShader.hlsl">
      <Filter>Shaders</Filter>
    </FxCompile>
  </ItemGroup>
</Project>